
Microsoft Visual Studio Solution File, Format Version 12.00
# Visual Studio 15
VisualStudioVersion = 15.0.26403.0
MinimumVisualStudioVersion = 10.0.40219.1
Project("{FAE04EC0-301F-11D3-BF4B-00C04F79EFBC}") = "RivonHouse.StoreChain.Api", "RivonHouse.StoreChain.Api\RivonHouse.StoreChain.Api.csproj", "{3F973F4A-6784-4678-A077-41E8456EC8BF}"
EndProject
Global
	GlobalSection(SolutionConfigurationPlatforms) = preSolution
		Debug|Any CPU = Debug|Any CPU
		Release|Any CPU = Release|Any CPU
	EndGlobalSection
	GlobalSection(ProjectConfigurationPlatforms) = postSolution
		{3F973F4A-6784-4678-A077-41E8456EC8BF}.Debug|Any CPU.ActiveCfg = Debug|Any CPU
		{3F973F4A-6784-4678-A077-41E8456EC8BF}.Debug|Any CPU.Build.0 = Debug|Any CPU
		{3F973F4A-6784-4678-A077-41E8456EC8BF}.Release|Any CPU.ActiveCfg = Release|Any CPU
		{3F973F4A-6784-4678-A077-41E8456EC8BF}.Release|Any CPU.Build.0 = Release|Any CPU
	EndGlobalSection
	GlobalSection(SolutionProperties) = preSolution
		HideSolutionNode = FALSE
	EndGlobalSection
EndGlobal
